
Microsoft Visual Studio Solution File, Format Version 12.00
# Visual Studio Version 17
VisualStudioVersion = 17.12.35527.113 d17.12
MinimumVisualStudioVersion = 10.0.40219.1
Project("{FAE04EC0-301F-11D3-BF4B-00C04F79EFBC}") = "ConsoleApp1", "ConsoleApp1\ConsoleApp1.csproj", "{69AF00F5-25D8-4A68-B36D-5B759BF74704}"
EndProject
Project("{2150E333-8FDC-42A3-9474-1A3956D46DE8}") = "Solution Items", "Solution Items", "{CA7DD689-107D-4CAB-A02B-0607926AE9E8}"
	ProjectSection(SolutionItems) = preProject
		Class1.cs = Class1.cs
	EndProjectSection
EndProject
Global
	GlobalSection(SolutionConfigurationPlatforms) = preSolution
		Debug|Any CPU = Debug|Any CPU
		Release|Any CPU = Release|Any CPU
	EndGlobalSection
	GlobalSection(ProjectConfigurationPlatforms) = postSolution
		{69AF00F5-25D8-4A68-B36D-5B759BF74704}.Debug|Any CPU.ActiveCfg = Debug|Any CPU
		{69AF00F5-25D8-4A68-B36D-5B759BF74704}.Debug|Any CPU.Build.0 = Debug|Any CPU
		{69AF00F5-25D8-4A68-B36D-5B759BF74704}.Release|Any CPU.ActiveCfg = Release|Any CPU
		{69AF00F5-25D8-4A68-B36D-5B759BF74704}.Release|Any CPU.Build.0 = Release|Any CPU
	EndGlobalSection
	GlobalSection(SolutionProperties) = preSolution
		HideSolutionNode = FALSE
	EndGlobalSection
EndGlobal
